{
  "originHash" : "71b004acd6d2a75f9bf71c617691489cc80299e1959157d7c2b91707e2f734a5",
  "pins" : [
    {
      "identity" : "fluidgradient",
      "kind" : "remoteSourceControl",
      "location" : "https://github.com/Cindori/FluidGradient.git",
      "state" : {
        "revision" : "9ddda4cf23671ef0228e88681ec6210cb3e0d7f7",
        "version" : "1.0.0"
      }
    },
    {
      "identity" : "swiftlintplugins",
      "kind" : "remoteSourceControl",
      "location" : "https://github.com/SimplyDanny/SwiftLintPlugins",
      "state" : {
        "revision" : "f9731bef175c3eea3a0ca960f1be78fcc2bc7853",
        "version" : "0.57.1"
      }
    }
  ],
  "version" : 3
}
